
Microsoft Visual Studio Solution File, Format Version 12.00
# Visual Studio Version 17
VisualStudioVersion = 17.13.35828.75
MinimumVisualStudioVersion = 10.0.40219.1
Project("{FAE04EC0-301F-11D3-BF4B-00C04F79EFBC}") = "SimpleRayCastingEngine", "SimpleRayCastingEngine\SimpleRayCastingEngine.csproj", "{EE1B8AF1-F1C4-4B3F-B9EF-5C9BD4F6490A}"
EndProject
Global
	GlobalSection(SolutionConfigurationPlatforms) = preSolution
		Debug|Any CPU = Debug|Any CPU
		Release|Any CPU = Release|Any CPU
	EndGlobalSection
	GlobalSection(ProjectConfigurationPlatforms) = postSolution
		{EE1B8AF1-F1C4-4B3F-B9EF-5C9BD4F6490A}.Debug|Any CPU.ActiveCfg = Debug|Any CPU
		{EE1B8AF1-F1C4-4B3F-B9EF-5C9BD4F6490A}.Debug|Any CPU.Build.0 = Debug|Any CPU
		{EE1B8AF1-F1C4-4B3F-B9EF-5C9BD4F6490A}.Release|Any CPU.ActiveCfg = Release|Any CPU
		{EE1B8AF1-F1C4-4B3F-B9EF-5C9BD4F6490A}.Release|Any CPU.Build.0 = Release|Any CPU
	EndGlobalSection
	GlobalSection(SolutionProperties) = preSolution
		HideSolutionNode = FALSE
	EndGlobalSection
	GlobalSection(ExtensibilityGlobals) = postSolution
		SolutionGuid = {82B6359A-679B-4254-8F89-B6660F0102B1}
	EndGlobalSection
EndGlobal
